
Microsoft Visual Studio Solution File, Format Version 12.00
# Visual Studio 14
VisualStudioVersion = 14.0.24720.0
MinimumVisualStudioVersion = 10.0.40219.1
Project("{FAE04EC0-301F-11D3-BF4B-00C04F79EFBC}") = "CSDLNC", "CSDLNC.csproj", "{A61004CF-59CD-4FDA-A38F-99F94C90C8D3}"
EndProject
Project("{FAE04EC0-301F-11D3-BF4B-00C04F79EFBC}") = "Test", "..\Test\Test.csproj", "{90C25DCF-D3EC-4F40-975D-B33A46685FAB}"
EndProject
Global
	GlobalSection(SolutionConfigurationPlatforms) = preSolution
		Debug|Any CPU = Debug|Any CPU
		Release|Any CPU = Release|Any CPU
	EndGlobalSection
	GlobalSection(ProjectConfigurationPlatforms) = postSolution
		{A61004CF-59CD-4FDA-A38F-99F94C90C8D3}.Debug|Any CPU.ActiveCfg = Debug|Any CPU
		{A61004CF-59CD-4FDA-A38F-99F94C90C8D3}.Debug|Any CPU.Build.0 = Debug|Any CPU
		{A61004CF-59CD-4FDA-A38F-99F94C90C8D3}.Release|Any CPU.ActiveCfg = Release|Any CPU
		{A61004CF-59CD-4FDA-A38F-99F94C90C8D3}.Release|Any CPU.Build.0 = Release|Any CPU
		{90C25DCF-D3EC-4F40-975D-B33A46685FAB}.Debug|Any CPU.ActiveCfg = Debug|Any CPU
		{90C25DCF-D3EC-4F40-975D-B33A46685FAB}.Debug|Any CPU.Build.0 = Debug|Any CPU
		{90C25DCF-D3EC-4F40-975D-B33A46685FAB}.Release|Any CPU.ActiveCfg = Release|Any CPU
		{90C25DCF-D3EC-4F40-975D-B33A46685FAB}.Release|Any CPU.Build.0 = Release|Any CPU
	EndGlobalSection
	GlobalSection(SolutionProperties) = preSolution
		HideSolutionNode = FALSE
	EndGlobalSection
EndGlobal
